{
  "requires": true,
  "lockfileVersion": 1,
  "dependencies": {
    "wumpfetch": {
      "version": "0.3.0",
      "resolved": "https://registry.npmjs.org/wumpfetch/-/wumpfetch-0.3.0.tgz",
      "integrity": "sha512-TL3yM7aehYlBGWNdYhftu9V4L8VfDRGKZOJJLj7iZz/b9bcpIuwkRYVb5HIV5JrZsaeg0jjKiGDimcw9w4kuRw=="
    }
  }
}
